{
  "name": "node-hue-emulator",
  "version": "0.0.1",
  "lockfileVersion": 1,
  "requires": true,
  "dependencies": {
    "fs": {
      "version": "0.0.1-security",
      "resolved": "https://registry.npmjs.org/fs/-/fs-0.0.1-security.tgz",
      "integrity": "sha1-invTcYa23d84E/I4WLV+yq9eQdQ="
    },
    "http": {
      "version": "0.0.0",
      "resolved": "https://registry.npmjs.org/http/-/http-0.0.0.tgz",
      "integrity": "sha1-huYybSnF0Dnen6xYSkVon5KfT3I="
    },
    "peer-ssdp": {
      "version": "0.0.5",
      "resolved": "https://registry.npmjs.org/peer-ssdp/-/peer-ssdp-0.0.5.tgz",
      "integrity": "sha1-G5FVuolGXszE3iy6LAOOSf3iooE="
    }
  }
}
